// !$*UTF8*$!
{
	archiveVersion = 1;
	classes = {
	};
	objectVersion = 56;
	objects = {

/* Begin PBXBuildFile section */
		00000000000000000000002C /* PanePilotKit.framework in Frameworks */ = {isa = PBXBuildFile; fileRef = 00000000000000000000000B /* PanePilotKit.framework */; };
		00000000000000000000002D /* PanePilotKit.framework in Embed Frameworks */ = {isa = PBXBuildFile; fileRef = 00000000000000000000000B /* PanePilotKit.framework */; settings = {ATTRIBUTES = (CodeSignOnCopy, RemoveHeadersOnCopy, ); }; };
		00000000000000000000002E /* PanePilotKit.framework in Frameworks */ = {isa = PBXBuildFile; fileRef = 00000000000000000000000B /* PanePilotKit.framework */; };
		00000000000000000000002F /* Assets.xcassets in Resources */ = {isa = PBXBuildFile; fileRef = 000000000000000000000032 /* Assets.xcassets */; };
		000000000000000000000031 /* PanePilot.swift in Sources */ = {isa = PBXBuildFile; fileRef = 000000000000000000000030 /* PanePilot.swift */; };
		000000000000000000000034 /* AppDelegate.swift in Sources */ = {isa = PBXBuildFile; fileRef = 000000000000000000000033 /* AppDelegate.swift */; };
		000000000000000000000036 /* AppError.swift in Sources */ = {isa = PBXBuildFile; fileRef = 000000000000000000000035 /* AppError.swift */; };
		000000000000000000000038 /* AppIconProvider.swift in Sources */ = {isa = PBXBuildFile; fileRef = 000000000000000000000037 /* AppIconProvider.swift */; };
		00000000000000000000003A /* AppPreferences.swift in Sources */ = {isa = PBXBuildFile; fileRef = 000000000000000000000039 /* AppPreferences.swift */; };
		00000000000000000000003C /* AppSigning.swift in Sources */ = {isa = PBXBuildFile; fileRef = 00000000000000000000003B /* AppSigning.swift */; };
		00000000000000000000003E /* DebugLogger.swift in Sources */ = {isa = PBXBuildFile; fileRef = 00000000000000000000003D /* DebugLogger.swift */; };
		000000000000000000000040 /* DisplayLayoutStore.swift in Sources */ = {isa = PBXBuildFile; fileRef = 00000000000000000000003F /* DisplayLayoutStore.swift */; };
		000000000000000000000042 /* DragSnapController.swift in Sources */ = {isa = PBXBuildFile; fileRef = 000000000000000000000041 /* DragSnapController.swift */; };
		000000000000000000000044 /* LayoutEngine.swift in Sources */ = {isa = PBXBuildFile; fileRef = 000000000000000000000043 /* LayoutEngine.swift */; };
		000000000000000000000046 /* LoginItemManager.swift in Sources */ = {isa = PBXBuildFile; fileRef = 000000000000000000000045 /* LoginItemManager.swift */; };
		000000000000000000000048 /* OverlayWindowController.swift in Sources */ = {isa = PBXBuildFile; fileRef = 000000000000000000000047 /* OverlayWindowController.swift */; };
		00000000000000000000004A /* PermissionManager.swift in Sources */ = {isa = PBXBuildFile; fileRef = 000000000000000000000049 /* PermissionManager.swift */; };
		00000000000000000000004C /* RegionLayout.swift in Sources */ = {isa = PBXBuildFile; fileRef = 00000000000000000000004B /* RegionLayout.swift */; };
		00000000000000000000004E /* ScreenProvider.swift in Sources */ = {isa = PBXBuildFile; fileRef = 00000000000000000000004D /* ScreenProvider.swift */; };
		000000000000000000000050 /* SettingsWindowController.swift in Sources */ = {isa = PBXBuildFile; fileRef = 00000000000000000000004F /* SettingsWindowController.swift */; };
		000000000000000000000052 /* SettingsWindowPresenter.swift in Sources */ = {isa = PBXBuildFile; fileRef = 000000000000000000000051 /* SettingsWindowPresenter.swift */; };
		000000000000000000000054 /* SnapModifier.swift in Sources */ = {isa = PBXBuildFile; fileRef = 000000000000000000000053 /* SnapModifier.swift */; };
		000000000000000000000056 /* WindowController.swift in Sources */ = {isa = PBXBuildFile; fileRef = 000000000000000000000055 /* WindowController.swift */; };
		000000000000000000000058 /* LayoutEngineTests.swift in Sources */ = {isa = PBXBuildFile; fileRef = 000000000000000000000057 /* LayoutEngineTests.swift */; };
		00000000000000000000005A /* RegionLayoutsTests.swift in Sources */ = {isa = PBXBuildFile; fileRef = 000000000000000000000059 /* RegionLayoutsTests.swift */; };
		00000000000000000000005C /* SnapPickerWindowController.swift in Sources */ = {isa = PBXBuildFile; fileRef = 00000000000000000000005B /* SnapPickerWindowController.swift */; };
		000000000000000000000062 /* KeyboardSnapKeyInputTests.swift in Sources */ = {isa = PBXBuildFile; fileRef = 000000000000000000000061 /* KeyboardSnapKeyInputTests.swift */; };
		000000000000000000000064 /* KeyboardSnapShortcut.swift in Sources */ = {isa = PBXBuildFile; fileRef = 000000000000000000000063 /* KeyboardSnapShortcut.swift */; };
		000000000000000000000066 /* KeyboardSnapShortcutTests.swift in Sources */ = {isa = PBXBuildFile; fileRef = 000000000000000000000065 /* KeyboardSnapShortcutTests.swift */; };
		000000000000000000000068 /* KeyboardEventInterceptor.swift in Sources */ = {isa = PBXBuildFile; fileRef = 000000000000000000000067 /* KeyboardEventInterceptor.swift */; };
		00000000000000000000006A /* LayoutCatalogTests.swift in Sources */ = {isa = PBXBuildFile; fileRef = 000000000000000000000069 /* LayoutCatalogTests.swift */; };
/* End PBXBuildFile section */

/* Begin PBXContainerItemProxy section */
		000000000000000000000028 /* PBXContainerItemProxy */ = {
			isa = PBXContainerItemProxy;
			containerPortal = 000000000000000000000001 /* Project object */;
			proxyType = 1;
			remoteGlobalIDString = 000000000000000000000011;
			remoteInfo = PanePilotKit;
		};
		00000000000000000000002A /* PBXContainerItemProxy */ = {
			isa = PBXContainerItemProxy;
			containerPortal = 000000000000000000000001 /* Project object */;
			proxyType = 1;
			remoteGlobalIDString = 000000000000000000000011;
			remoteInfo = PanePilotKit;
		};
/* End PBXContainerItemProxy section */

/* Begin PBXCopyFilesBuildPhase section */
		000000000000000000000016 /* Embed Frameworks */ = {
			isa = PBXCopyFilesBuildPhase;
			buildActionMask = 2147483647;
			dstPath = "";
			dstSubfolderSpec = 10;
			files = (
				00000000000000000000002D /* PanePilotKit.framework in Embed Frameworks */,
			);
			name = "Embed Frameworks";
			runOnlyForDeploymentPostprocessing = 0;
		};
/* End PBXCopyFilesBuildPhase section */

/* Begin PBXFileReference section */
		00000000000000000000000A /* PanePilot.app */ = {isa = PBXFileReference; explicitFileType = wrapper.application; includeInIndex = 0; path = PanePilot.app; sourceTree = BUILT_PRODUCTS_DIR; };
		00000000000000000000000B /* PanePilotKit.framework */ = {isa = PBXFileReference; explicitFileType = wrapper.framework; includeInIndex = 0; path = PanePilotKit.framework; sourceTree = BUILT_PRODUCTS_DIR; };
		00000000000000000000000C /* PanePilotKitTests.xctest */ = {isa = PBXFileReference; explicitFileType = wrapper.cfbundle; includeInIndex = 0; path = PanePilotKitTests.xctest; sourceTree = BUILT_PRODUCTS_DIR; };
		00000000000000000000000D /* Config/PanePilot.entitlements */ = {isa = PBXFileReference; lastKnownFileType = text.plist.entitlements; path = Config/PanePilot.entitlements; sourceTree = SOURCE_ROOT; };
		00000000000000000000000F /* Config/ExportOptions-app-store.plist */ = {isa = PBXFileReference; lastKnownFileType = text.plist.xml; path = "Config/ExportOptions-app-store.plist"; sourceTree = SOURCE_ROOT; };
		000000000000000000000030 /* PanePilot.swift */ = {isa = PBXFileReference; lastKnownFileType = sourcecode.swift; name = PanePilot.swift; path = Sources/PanePilot/PanePilot.swift; sourceTree = SOURCE_ROOT; };
		000000000000000000000032 /* Assets.xcassets */ = {isa = PBXFileReference; lastKnownFileType = folder.assetcatalog; name = Assets.xcassets; path = Sources/PanePilot/Assets.xcassets; sourceTree = SOURCE_ROOT; };
		000000000000000000000033 /* AppDelegate.swift */ = {isa = PBXFileReference; lastKnownFileType = sourcecode.swift; name = AppDelegate.swift; path = Sources/PanePilotKit/AppDelegate.swift; sourceTree = SOURCE_ROOT; };
		000000000000000000000035 /* AppError.swift */ = {isa = PBXFileReference; lastKnownFileType = sourcecode.swift; name = AppError.swift; path = Sources/PanePilotKit/AppError.swift; sourceTree = SOURCE_ROOT; };
		000000000000000000000037 /* AppIconProvider.swift */ = {isa = PBXFileReference; lastKnownFileType = sourcecode.swift; name = AppIconProvider.swift; path = Sources/PanePilotKit/AppIconProvider.swift; sourceTree = SOURCE_ROOT; };
		000000000000000000000039 /* AppPreferences.swift */ = {isa = PBXFileReference; lastKnownFileType = sourcecode.swift; name = AppPreferences.swift; path = Sources/PanePilotKit/AppPreferences.swift; sourceTree = SOURCE_ROOT; };
		00000000000000000000003B /* AppSigning.swift */ = {isa = PBXFileReference; lastKnownFileType = sourcecode.swift; name = AppSigning.swift; path = Sources/PanePilotKit/AppSigning.swift; sourceTree = SOURCE_ROOT; };
		00000000000000000000003D /* DebugLogger.swift */ = {isa = PBXFileReference; lastKnownFileType = sourcecode.swift; name = DebugLogger.swift; path = Sources/PanePilotKit/DebugLogger.swift; sourceTree = SOURCE_ROOT; };
		00000000000000000000003F /* DisplayLayoutStore.swift */ = {isa = PBXFileReference; lastKnownFileType = sourcecode.swift; name = DisplayLayoutStore.swift; path = Sources/PanePilotKit/DisplayLayoutStore.swift; sourceTree = SOURCE_ROOT; };
		000000000000000000000041 /* DragSnapController.swift */ = {isa = PBXFileReference; lastKnownFileType = sourcecode.swift; name = DragSnapController.swift; path = Sources/PanePilotKit/DragSnapController.swift; sourceTree = SOURCE_ROOT; };
		000000000000000000000043 /* LayoutEngine.swift */ = {isa = PBXFileReference; lastKnownFileType = sourcecode.swift; name = LayoutEngine.swift; path = Sources/PanePilotKit/LayoutEngine.swift; sourceTree = SOURCE_ROOT; };
		000000000000000000000045 /* LoginItemManager.swift */ = {isa = PBXFileReference; lastKnownFileType = sourcecode.swift; name = LoginItemManager.swift; path = Sources/PanePilotKit/LoginItemManager.swift; sourceTree = SOURCE_ROOT; };
		000000000000000000000047 /* OverlayWindowController.swift */ = {isa = PBXFileReference; lastKnownFileType = sourcecode.swift; name = OverlayWindowController.swift; path = Sources/PanePilotKit/OverlayWindowController.swift; sourceTree = SOURCE_ROOT; };
		000000000000000000000049 /* PermissionManager.swift */ = {isa = PBXFileReference; lastKnownFileType = sourcecode.swift; name = PermissionManager.swift; path = Sources/PanePilotKit/PermissionManager.swift; sourceTree = SOURCE_ROOT; };
		00000000000000000000004B /* RegionLayout.swift */ = {isa = PBXFileReference; lastKnownFileType = sourcecode.swift; name = RegionLayout.swift; path = Sources/PanePilotKit/RegionLayout.swift; sourceTree = SOURCE_ROOT; };
		00000000000000000000004D /* ScreenProvider.swift */ = {isa = PBXFileReference; lastKnownFileType = sourcecode.swift; name = ScreenProvider.swift; path = Sources/PanePilotKit/ScreenProvider.swift; sourceTree = SOURCE_ROOT; };
		00000000000000000000004F /* SettingsWindowController.swift */ = {isa = PBXFileReference; lastKnownFileType = sourcecode.swift; name = SettingsWindowController.swift; path = Sources/PanePilotKit/SettingsWindowController.swift; sourceTree = SOURCE_ROOT; };
		000000000000000000000051 /* SettingsWindowPresenter.swift */ = {isa = PBXFileReference; lastKnownFileType = sourcecode.swift; name = SettingsWindowPresenter.swift; path = Sources/PanePilotKit/SettingsWindowPresenter.swift; sourceTree = SOURCE_ROOT; };
		000000000000000000000053 /* SnapModifier.swift */ = {isa = PBXFileReference; lastKnownFileType = sourcecode.swift; name = SnapModifier.swift; path = Sources/PanePilotKit/SnapModifier.swift; sourceTree = SOURCE_ROOT; };
		000000000000000000000055 /* WindowController.swift */ = {isa = PBXFileReference; lastKnownFileType = sourcecode.swift; name = WindowController.swift; path = Sources/PanePilotKit/WindowController.swift; sourceTree = SOURCE_ROOT; };
		000000000000000000000057 /* LayoutEngineTests.swift */ = {isa = PBXFileReference; lastKnownFileType = sourcecode.swift; name = LayoutEngineTests.swift; path = Tests/PanePilotKitTests/LayoutEngineTests.swift; sourceTree = SOURCE_ROOT; };
		000000000000000000000059 /* RegionLayoutsTests.swift */ = {isa = PBXFileReference; lastKnownFileType = sourcecode.swift; name = RegionLayoutsTests.swift; path = Tests/PanePilotKitTests/RegionLayoutsTests.swift; sourceTree = SOURCE_ROOT; };
		00000000000000000000005B /* SnapPickerWindowController.swift */ = {isa = PBXFileReference; lastKnownFileType = sourcecode.swift; name = SnapPickerWindowController.swift; path = Sources/PanePilotKit/SnapPickerWindowController.swift; sourceTree = SOURCE_ROOT; };
		000000000000000000000060 /* Config/Version.xcconfig */ = {isa = PBXFileReference; lastKnownFileType = text.xcconfig; path = Config/Version.xcconfig; sourceTree = SOURCE_ROOT; };
		000000000000000000000061 /* KeyboardSnapKeyInputTests.swift */ = {isa = PBXFileReference; lastKnownFileType = sourcecode.swift; name = KeyboardSnapKeyInputTests.swift; path = Tests/PanePilotKitTests/KeyboardSnapKeyInputTests.swift; sourceTree = SOURCE_ROOT; };
		000000000000000000000063 /* KeyboardSnapShortcut.swift */ = {isa = PBXFileReference; lastKnownFileType = sourcecode.swift; name = KeyboardSnapShortcut.swift; path = Sources/PanePilotKit/KeyboardSnapShortcut.swift; sourceTree = SOURCE_ROOT; };
		000000000000000000000065 /* KeyboardSnapShortcutTests.swift */ = {isa = PBXFileReference; lastKnownFileType = sourcecode.swift; name = KeyboardSnapShortcutTests.swift; path = Tests/PanePilotKitTests/KeyboardSnapShortcutTests.swift; sourceTree = SOURCE_ROOT; };
		000000000000000000000067 /* KeyboardEventInterceptor.swift */ = {isa = PBXFileReference; lastKnownFileType = sourcecode.swift; name = KeyboardEventInterceptor.swift; path = Sources/PanePilotKit/KeyboardEventInterceptor.swift; sourceTree = SOURCE_ROOT; };
		000000000000000000000069 /* LayoutCatalogTests.swift */ = {isa = PBXFileReference; lastKnownFileType = sourcecode.swift; name = LayoutCatalogTests.swift; path = Tests/PanePilotKitTests/LayoutCatalogTests.swift; sourceTree = SOURCE_ROOT; };
/* End PBXFileReference section */

/* Begin PBXFrameworksBuildPhase section */
		000000000000000000000014 /* Frameworks */ = {
			isa = PBXFrameworksBuildPhase;
			buildActionMask = 2147483647;
			files = (
				00000000000000000000002C /* PanePilotKit.framework in Frameworks */,
			);
			runOnlyForDeploymentPostprocessing = 0;
		};
		000000000000000000000018 /* Frameworks */ = {
			isa = PBXFrameworksBuildPhase;
			buildActionMask = 2147483647;
			files = (
			);
			runOnlyForDeploymentPostprocessing = 0;
		};
		00000000000000000000001A /* Frameworks */ = {
			isa = PBXFrameworksBuildPhase;
			buildActionMask = 2147483647;
			files = (
				00000000000000000000002E /* PanePilotKit.framework in Frameworks */,
			);
			runOnlyForDeploymentPostprocessing = 0;
		};
/* End PBXFrameworksBuildPhase section */

/* Begin PBXGroup section */
		000000000000000000000002 = {
			isa = PBXGroup;
			children = (
				000000000000000000000004 /* Sources */,
				000000000000000000000007 /* PanePilotKitTests */,
				000000000000000000000008 /* Config */,
				000000000000000000000009 /* Frameworks */,
				000000000000000000000003 /* Products */,
			);
			sourceTree = "<group>";
		};
		000000000000000000000003 /* Products */ = {
			isa = PBXGroup;
			children = (
				00000000000000000000000A /* PanePilot.app */,
				00000000000000000000000B /* PanePilotKit.framework */,
				00000000000000000000000C /* PanePilotKitTests.xctest */,
			);
			name = Products;
			sourceTree = "<group>";
		};
		000000000000000000000004 /* Sources */ = {
			isa = PBXGroup;
			children = (
				000000000000000000000005 /* PanePilot */,
				000000000000000000000006 /* PanePilotKit */,
			);
			path = Sources;
			sourceTree = SOURCE_ROOT;
		};
		000000000000000000000005 /* PanePilot */ = {
			isa = PBXGroup;
			children = (
				000000000000000000000030 /* PanePilot.swift */,
				000000000000000000000032 /* Assets.xcassets */,
			);
			name = PanePilot;
			path = Sources/PanePilot;
			sourceTree = SOURCE_ROOT;
		};
		000000000000000000000006 /* PanePilotKit */ = {
			isa = PBXGroup;
			children = (
				000000000000000000000033 /* AppDelegate.swift */,
				000000000000000000000035 /* AppError.swift */,
				000000000000000000000037 /* AppIconProvider.swift */,
				000000000000000000000039 /* AppPreferences.swift */,
				00000000000000000000003B /* AppSigning.swift */,
				00000000000000000000003D /* DebugLogger.swift */,
				00000000000000000000003F /* DisplayLayoutStore.swift */,
				000000000000000000000041 /* DragSnapController.swift */,
				000000000000000000000067 /* KeyboardEventInterceptor.swift */,
				000000000000000000000063 /* KeyboardSnapShortcut.swift */,
				000000000000000000000043 /* LayoutEngine.swift */,
				000000000000000000000045 /* LoginItemManager.swift */,
				000000000000000000000047 /* OverlayWindowController.swift */,
				000000000000000000000049 /* PermissionManager.swift */,
				00000000000000000000005B /* SnapPickerWindowController.swift */,
				00000000000000000000004B /* RegionLayout.swift */,
				00000000000000000000004D /* ScreenProvider.swift */,
				00000000000000000000004F /* SettingsWindowController.swift */,
				000000000000000000000051 /* SettingsWindowPresenter.swift */,
				000000000000000000000053 /* SnapModifier.swift */,
				000000000000000000000055 /* WindowController.swift */,
			);
			name = PanePilotKit;
			path = Sources/PanePilotKit;
			sourceTree = SOURCE_ROOT;
		};
		000000000000000000000007 /* PanePilotKitTests */ = {
			isa = PBXGroup;
			children = (
				000000000000000000000061 /* KeyboardSnapKeyInputTests.swift */,
				000000000000000000000065 /* KeyboardSnapShortcutTests.swift */,
				000000000000000000000069 /* LayoutCatalogTests.swift */,
				000000000000000000000057 /* LayoutEngineTests.swift */,
				000000000000000000000059 /* RegionLayoutsTests.swift */,
			);
			name = PanePilotKitTests;
			path = Tests/PanePilotKitTests;
			sourceTree = SOURCE_ROOT;
		};
		000000000000000000000008 /* Config */ = {
			isa = PBXGroup;
			children = (
				00000000000000000000000D /* Config/PanePilot.entitlements */,
				00000000000000000000000F /* Config/ExportOptions-app-store.plist */,
				000000000000000000000060 /* Config/Version.xcconfig */,
			);
			path = Config;
			sourceTree = SOURCE_ROOT;
		};
		000000000000000000000009 /* Frameworks */ = {
			isa = PBXGroup;
			children = (
			);
			name = Frameworks;
			sourceTree = "<group>";
		};
/* End PBXGroup section */

/* Begin PBXNativeTarget section */
		000000000000000000000010 /* PanePilot */ = {
			isa = PBXNativeTarget;
			buildConfigurationList = 00000000000000000000001C /* Build configuration list for PBXNativeTarget "PanePilot" */;
			buildPhases = (
				000000000000000000000013 /* Sources */,
				000000000000000000000014 /* Frameworks */,
				000000000000000000000015 /* Resources */,
				000000000000000000000016 /* Embed Frameworks */,
			);
			buildRules = (
			);
			dependencies = (
				000000000000000000000029 /* PBXTargetDependency */,
			);
			name = PanePilot;
			productName = PanePilot;
			productReference = 00000000000000000000000A /* PanePilot.app */;
			productType = "com.apple.product-type.application";
		};
		000000000000000000000011 /* PanePilotKit */ = {
			isa = PBXNativeTarget;
			buildConfigurationList = 00000000000000000000001D /* Build configuration list for PBXNativeTarget "PanePilotKit" */;
			buildPhases = (
				000000000000000000000017 /* Sources */,
				000000000000000000000018 /* Frameworks */,
			);
			buildRules = (
			);
			dependencies = (
			);
			name = PanePilotKit;
			productName = PanePilotKit;
			productReference = 00000000000000000000000B /* PanePilotKit.framework */;
			productType = "com.apple.product-type.framework";
		};
		000000000000000000000012 /* PanePilotKitTests */ = {
			isa = PBXNativeTarget;
			buildConfigurationList = 00000000000000000000001E /* Build configuration list for PBXNativeTarget "PanePilotKitTests" */;
			buildPhases = (
				000000000000000000000019 /* Sources */,
				00000000000000000000001A /* Frameworks */,
				00000000000000000000001B /* Resources */,
			);
			buildRules = (
			);
			dependencies = (
				00000000000000000000002B /* PBXTargetDependency */,
			);
			name = PanePilotKitTests;
			productName = PanePilotKitTests;
			productReference = 00000000000000000000000C /* PanePilotKitTests.xctest */;
			productType = "com.apple.product-type.bundle.unit-test";
		};
/* End PBXNativeTarget section */

/* Begin PBXProject section */
		000000000000000000000001 /* Project object */ = {
			isa = PBXProject;
			attributes = {
				BuildIndependentTargetsInParallel = 1;
				LastUpgradeCheck = 2630;
				TargetAttributes = {
					000000000000000000000010 = {
						CreatedOnToolsVersion = 26.3;
					};
					000000000000000000000011 = {
						CreatedOnToolsVersion = 26.3;
					};
					000000000000000000000012 = {
						CreatedOnToolsVersion = 26.3;
						TestTargetID = 000000000000000000000011;
					};
				};
			};
			buildConfigurationList = 00000000000000000000001F /* Build configuration list for PBXProject "PanePilot" */;
			compatibilityVersion = "Xcode 14.0";
			developmentRegion = en;
			hasScannedForEncodings = 0;
			knownRegions = (
				en,
				Base,
			);
			mainGroup = 000000000000000000000002;
			productRefGroup = 000000000000000000000003 /* Products */;
			projectDirPath = "";
			projectRoot = "";
			targets = (
				000000000000000000000011 /* PanePilotKit */,
				000000000000000000000010 /* PanePilot */,
				000000000000000000000012 /* PanePilotKitTests */,
			);
		};
/* End PBXProject section */

/* Begin PBXResourcesBuildPhase section */
		000000000000000000000015 /* Resources */ = {
			isa = PBXResourcesBuildPhase;
			buildActionMask = 2147483647;
			files = (
				00000000000000000000002F /* Assets.xcassets in Resources */,
			);
			runOnlyForDeploymentPostprocessing = 0;
		};
		00000000000000000000001B /* Resources */ = {
			isa = PBXResourcesBuildPhase;
			buildActionMask = 2147483647;
			files = (
			);
			runOnlyForDeploymentPostprocessing = 0;
		};
/* End PBXResourcesBuildPhase section */

/* Begin PBXSourcesBuildPhase section */
		000000000000000000000013 /* Sources */ = {
			isa = PBXSourcesBuildPhase;
			buildActionMask = 2147483647;
			files = (
				000000000000000000000031 /* PanePilot.swift in Sources */,
			);
			runOnlyForDeploymentPostprocessing = 0;
		};
		000000000000000000000017 /* Sources */ = {
			isa = PBXSourcesBuildPhase;
			buildActionMask = 2147483647;
			files = (
				000000000000000000000034 /* AppDelegate.swift in Sources */,
				000000000000000000000036 /* AppError.swift in Sources */,
				000000000000000000000038 /* AppIconProvider.swift in Sources */,
				00000000000000000000003A /* AppPreferences.swift in Sources */,
				00000000000000000000003C /* AppSigning.swift in Sources */,
				00000000000000000000003E /* DebugLogger.swift in Sources */,
				000000000000000000000040 /* DisplayLayoutStore.swift in Sources */,
				000000000000000000000042 /* DragSnapController.swift in Sources */,
				000000000000000000000068 /* KeyboardEventInterceptor.swift in Sources */,
				000000000000000000000064 /* KeyboardSnapShortcut.swift in Sources */,
				000000000000000000000044 /* LayoutEngine.swift in Sources */,
				000000000000000000000046 /* LoginItemManager.swift in Sources */,
				000000000000000000000048 /* OverlayWindowController.swift in Sources */,
				00000000000000000000005C /* SnapPickerWindowController.swift in Sources */,
				00000000000000000000004A /* PermissionManager.swift in Sources */,
				00000000000000000000004C /* RegionLayout.swift in Sources */,
				00000000000000000000004E /* ScreenProvider.swift in Sources */,
				000000000000000000000050 /* SettingsWindowController.swift in Sources */,
				000000000000000000000052 /* SettingsWindowPresenter.swift in Sources */,
				000000000000000000000054 /* SnapModifier.swift in Sources */,
				000000000000000000000056 /* WindowController.swift in Sources */,
			);
			runOnlyForDeploymentPostprocessing = 0;
		};
		000000000000000000000019 /* Sources */ = {
			isa = PBXSourcesBuildPhase;
			buildActionMask = 2147483647;
			files = (
				000000000000000000000062 /* KeyboardSnapKeyInputTests.swift in Sources */,
				000000000000000000000066 /* KeyboardSnapShortcutTests.swift in Sources */,
				00000000000000000000006A /* LayoutCatalogTests.swift in Sources */,
				000000000000000000000058 /* LayoutEngineTests.swift in Sources */,
				00000000000000000000005A /* RegionLayoutsTests.swift in Sources */,
			);
			runOnlyForDeploymentPostprocessing = 0;
		};
/* End PBXSourcesBuildPhase section */

/* Begin PBXTargetDependency section */
		000000000000000000000029 /* PBXTargetDependency */ = {
			isa = PBXTargetDependency;
			name = PanePilotKit;
			target = 000000000000000000000011 /* PanePilotKit */;
			targetProxy = 000000000000000000000028 /* PBXContainerItemProxy */;
		};
		00000000000000000000002B /* PBXTargetDependency */ = {
			isa = PBXTargetDependency;
			name = PanePilotKit;
			target = 000000000000000000000011 /* PanePilotKit */;
			targetProxy = 00000000000000000000002A /* PBXContainerItemProxy */;
		};
/* End PBXTargetDependency section */

/* Begin XCBuildConfiguration section */
		000000000000000000000020 /* Debug */ = {
			isa = XCBuildConfiguration;
			baseConfigurationReference = 000000000000000000000060 /* Config/Version.xcconfig */;
			buildSettings = {
				ALWAYS_SEARCH_USER_PATHS = NO;
				CLANG_ENABLE_MODULES = YES;
				COPY_PHASE_STRIP = NO;
				DEBUG_INFORMATION_FORMAT = dwarf;
				ENABLE_STRICT_OBJC_MSGSEND = YES;
				GCC_C_LANGUAGE_STANDARD = gnu17;
				MACOSX_DEPLOYMENT_TARGET = 13.0;
				SDKROOT = macosx;
				SWIFT_VERSION = 6;
			};
			name = Debug;
		};
		000000000000000000000021 /* Release */ = {
			isa = XCBuildConfiguration;
			baseConfigurationReference = 000000000000000000000060 /* Config/Version.xcconfig */;
			buildSettings = {
				ALWAYS_SEARCH_USER_PATHS = NO;
				CLANG_ENABLE_MODULES = YES;
				COPY_PHASE_STRIP = NO;
				DEBUG_INFORMATION_FORMAT = "dwarf-with-dsym";
				ENABLE_NS_ASSERTIONS = NO;
				ENABLE_STRICT_OBJC_MSGSEND = YES;
				GCC_C_LANGUAGE_STANDARD = gnu17;
				MACOSX_DEPLOYMENT_TARGET = 13.0;
				SDKROOT = macosx;
				SWIFT_COMPILATION_MODE = wholemodule;
				SWIFT_VERSION = 6;
			};
			name = Release;
		};
		000000000000000000000022 /* Debug */ = {
			isa = XCBuildConfiguration;
			baseConfigurationReference = 000000000000000000000060 /* Config/Version.xcconfig */;
			buildSettings = {
				ASSETCATALOG_COMPILER_APPICON_NAME = AppIcon;
					CODE_SIGN_ENTITLEMENTS = Config/PanePilot.Debug.entitlements;
				CODE_SIGN_IDENTITY = "-";
				CODE_SIGN_STYLE = Manual;
				ENABLE_HARDENED_RUNTIME = YES;
				GENERATE_INFOPLIST_FILE = YES;
				INFOPLIST_KEY_CFBundleDisplayName = PanePilot;
				INFOPLIST_KEY_LSApplicationCategoryType = "public.app-category.productivity";
				INFOPLIST_KEY_LSMinimumSystemVersion = 13.0;
				INFOPLIST_KEY_LSUIElement = YES;
				INFOPLIST_KEY_NSAccessibilityUsageDescription = "PanePilot needs Accessibility access to detect window positions and resize windows.";
				INFOPLIST_KEY_NSPrincipalClass = NSApplication;
				LD_RUNPATH_SEARCH_PATHS = (
					"$(inherited)",
					"@executable_path/../Frameworks",
				);
				PRODUCT_BUNDLE_IDENTIFIER = com.panepilot.app;
				PRODUCT_NAME = "$(TARGET_NAME)";
				SWIFT_EMIT_LOC_STRINGS = NO;
			};
			name = Debug;
		};
		000000000000000000000023 /* Release */ = {
			isa = XCBuildConfiguration;
			baseConfigurationReference = 000000000000000000000060 /* Config/Version.xcconfig */;
			buildSettings = {
				ASSETCATALOG_COMPILER_APPICON_NAME = AppIcon;
				CODE_SIGN_ENTITLEMENTS = Config/PanePilot.entitlements;
					CODE_SIGN_IDENTITY = "-";
					CODE_SIGN_STYLE = Manual;
				ENABLE_HARDENED_RUNTIME = YES;
				GENERATE_INFOPLIST_FILE = YES;
				INFOPLIST_KEY_CFBundleDisplayName = PanePilot;
				INFOPLIST_KEY_LSApplicationCategoryType = "public.app-category.productivity";
				INFOPLIST_KEY_LSMinimumSystemVersion = 13.0;
				INFOPLIST_KEY_LSUIElement = YES;
				INFOPLIST_KEY_NSAccessibilityUsageDescription = "PanePilot needs Accessibility access to detect window positions and resize windows.";
				INFOPLIST_KEY_NSPrincipalClass = NSApplication;
				LD_RUNPATH_SEARCH_PATHS = (
					"$(inherited)",
					"@executable_path/../Frameworks",
				);
				PRODUCT_BUNDLE_IDENTIFIER = com.panepilot.app;
				PRODUCT_NAME = "$(TARGET_NAME)";
				SWIFT_EMIT_LOC_STRINGS = NO;
			};
			name = Release;
		};
		000000000000000000000024 /* Debug */ = {
			isa = XCBuildConfiguration;
			baseConfigurationReference = 000000000000000000000060 /* Config/Version.xcconfig */;
			buildSettings = {
				CODE_SIGN_IDENTITY = "-";
				CODE_SIGN_STYLE = Manual;
				DEFINES_MODULE = YES;
				DYLIB_INSTALL_NAME_BASE = "@rpath";
				ENABLE_HARDENED_RUNTIME = YES;
				ENABLE_TESTABILITY = YES;
				GENERATE_INFOPLIST_FILE = YES;
				LD_RUNPATH_SEARCH_PATHS = (
					"$(inherited)",
					"@loader_path/../Frameworks",
					"@loader_path/Frameworks",
				);
				PRODUCT_BUNDLE_IDENTIFIER = com.panepilot.app.PanePilotKit;
				PRODUCT_NAME = "$(TARGET_NAME)";
				SKIP_INSTALL = YES;
			};
			name = Debug;
		};
		000000000000000000000025 /* Release */ = {
			isa = XCBuildConfiguration;
			baseConfigurationReference = 000000000000000000000060 /* Config/Version.xcconfig */;
			buildSettings = {
				CODE_SIGN_IDENTITY = "-";
				CODE_SIGN_STYLE = Manual;
				DEFINES_MODULE = YES;
				DYLIB_INSTALL_NAME_BASE = "@rpath";
				ENABLE_HARDENED_RUNTIME = YES;
				GENERATE_INFOPLIST_FILE = YES;
				LD_RUNPATH_SEARCH_PATHS = (
					"$(inherited)",
					"@loader_path/../Frameworks",
					"@loader_path/Frameworks",
				);
				PRODUCT_BUNDLE_IDENTIFIER = com.panepilot.app.PanePilotKit;
				PRODUCT_NAME = "$(TARGET_NAME)";
				SKIP_INSTALL = YES;
			};
			name = Release;
		};
		000000000000000000000026 /* Debug */ = {
			isa = XCBuildConfiguration;
			baseConfigurationReference = 000000000000000000000060 /* Config/Version.xcconfig */;
			buildSettings = {
				BUNDLE_LOADER = "";
				CODE_SIGNING_ALLOWED = NO;
				GENERATE_INFOPLIST_FILE = YES;
				MACOSX_DEPLOYMENT_TARGET = 14.0;
				PRODUCT_BUNDLE_IDENTIFIER = com.panepilot.app.PanePilotKitTests;
				PRODUCT_NAME = "$(TARGET_NAME)";
				TEST_TARGET_NAME = PanePilotKit;
			};
			name = Debug;
		};
		000000000000000000000027 /* Release */ = {
			isa = XCBuildConfiguration;
			baseConfigurationReference = 000000000000000000000060 /* Config/Version.xcconfig */;
			buildSettings = {
				BUNDLE_LOADER = "";
				CODE_SIGN_STYLE = Automatic;
				DEVELOPMENT_TEAM = 39D4SBNEZ2;
				GENERATE_INFOPLIST_FILE = YES;
				MACOSX_DEPLOYMENT_TARGET = 14.0;
				PRODUCT_BUNDLE_IDENTIFIER = com.panepilot.app.PanePilotKitTests;
				PRODUCT_NAME = "$(TARGET_NAME)";
				TEST_TARGET_NAME = PanePilotKit;
			};
			name = Release;
		};
/* End XCBuildConfiguration section */

/* Begin XCConfigurationList section */
		00000000000000000000001C /* Build configuration list for PBXNativeTarget "PanePilot" */ = {
			isa = XCConfigurationList;
			buildConfigurations = (
				000000000000000000000022 /* Debug */,
				000000000000000000000023 /* Release */,
			);
			defaultConfigurationIsVisible = 0;
			defaultConfigurationName = Release;
		};
		00000000000000000000001D /* Build configuration list for PBXNativeTarget "PanePilotKit" */ = {
			isa = XCConfigurationList;
			buildConfigurations = (
				000000000000000000000024 /* Debug */,
				000000000000000000000025 /* Release */,
			);
			defaultConfigurationIsVisible = 0;
			defaultConfigurationName = Release;
		};
		00000000000000000000001E /* Build configuration list for PBXNativeTarget "PanePilotKitTests" */ = {
			isa = XCConfigurationList;
			buildConfigurations = (
				000000000000000000000026 /* Debug */,
				000000000000000000000027 /* Release */,
			);
			defaultConfigurationIsVisible = 0;
			defaultConfigurationName = Release;
		};
		00000000000000000000001F /* Build configuration list for PBXProject "PanePilot" */ = {
			isa = XCConfigurationList;
			buildConfigurations = (
				000000000000000000000020 /* Debug */,
				000000000000000000000021 /* Release */,
			);
			defaultConfigurationIsVisible = 0;
			defaultConfigurationName = Release;
		};
/* End XCConfigurationList section */
	};
	rootObject = 000000000000000000000001 /* Project object */;
}
